// !$*UTF8*$!
{
	archiveVersion = 1;
	classes = {
	};
	objectVersion = 46;
	objects = {

/* Begin PBXBuildFile section */
		95CBD1C51F68A7AE00E8C526 /* AppDelegate.swift in Sources */ = {isa = PBXBuildFile; fileRef = 95CBD1C41F68A7AE00E8C526 /* AppDelegate.swift */; };
		95CBD1CA1F68A7AE00E8C526 /* Main.storyboard in Resources */ = {isa = PBXBuildFile; fileRef = 95CBD1C81F68A7AE00E8C526 /* Main.storyboard */; };
		95CBD1CC1F68A7AE00E8C526 /* Assets.xcassets in Resources */ = {isa = PBXBuildFile; fileRef = 95CBD1CB1F68A7AE00E8C526 /* Assets.xcassets */; };
		95CBD1CF1F68A7AE00E8C526 /* LaunchScreen.storyboard in Resources */ = {isa = PBXBuildFile; fileRef = 95CBD1CD1F68A7AE00E8C526 /* LaunchScreen.storyboard */; };
		95CBD1D81F68AAE900E8C526 /* MainViewController.swift in Sources */ = {isa = PBXBuildFile; fileRef = 95CBD1D71F68AAE900E8C526 /* MainViewController.swift */; };
/* End PBXBuildFile section */

/* Begin PBXFileReference section */
		95CBD1C11F68A7AE00E8C526 /* Flashlight.app */ = {isa = PBXFileReference; explicitFileType = wrapper.application; includeInIndex = 0; path = Flashlight.app; sourceTree = BUILT_PRODUCTS_DIR; };
		95CBD1C41F68A7AE00E8C526 /* AppDelegate.swift */ = {isa = PBXFileReference; lastKnownFileType = sourcecode.swift; path = AppDelegate.swift; sourceTree = "<group>"; };
		95CBD1C91F68A7AE00E8C526 /* Base */ = {isa = PBXFileReference; lastKnownFileType = file.storyboard; name = Base; path = Base.lproj/Main.storyboard; sourceTree = "<group>"; };
		95CBD1CB1F68A7AE00E8C526 /* Assets.xcassets */ = {isa = PBXFileReference; lastKnownFileType = folder.assetcatalog; path = Assets.xcassets; sourceTree = "<group>"; };
		95CBD1CE1F68A7AE00E8C526 /* Base */ = {isa = PBXFileReference; lastKnownFileType = file.storyboard; name = Base; path = Base.lproj/LaunchScreen.storyboard; sourceTree = "<group>"; };
		95CBD1D01F68A7AE00E8C526 /* Info.plist */ = {isa = PBXFileReference; lastKnownFileType = text.plist.xml; path = Info.plist; sourceTree = "<group>"; };
		95CBD1D71F68AAE900E8C526 /* MainViewController.swift */ = {isa = PBXFileReference; fileEncoding = 4; lastKnownFileType = sourcecode.swift; path = MainViewController.swift; sourceTree = "<group>"; };
/* End PBXFileReference section */

/* Begin PBXFrameworksBuildPhase section */
		95CBD1BE1F68A7AE00E8C526 /* Frameworks */ = {
			isa = PBXFrameworksBuildPhase;
			buildActionMask = 2147483647;
			files = (
			);
			runOnlyForDeploymentPostprocessing = 0;
		};
/* End PBXFrameworksBuildPhase section */

/* Begin PBXGroup section */
		95CBD1B81F68A7AE00E8C526 = {
			isa = PBXGroup;
			children = (
				95CBD1C31F68A7AE00E8C526 /* Flashlight */,
				95CBD1C21F68A7AE00E8C526 /* Products */,
			);
			sourceTree = "<group>";
		};
		95CBD1C21F68A7AE00E8C526 /* Products */ = {
			isa = PBXGroup;
			children = (
				95CBD1C11F68A7AE00E8C526 /* Flashlight.app */,
			);
			name = Products;
			sourceTree = "<group>";
		};
		95CBD1C31F68A7AE00E8C526 /* Flashlight */ = {
			isa = PBXGroup;
			children = (
				95CBD1C81F68A7AE00E8C526 /* Main.storyboard */,
				95CBD1D71F68AAE900E8C526 /* MainViewController.swift */,
				95CBD1D61F68A7C500E8C526 /* Resources */,
			);
			path = Flashlight;
			sourceTree = "<group>";
		};
		95CBD1D61F68A7C500E8C526 /* Resources */ = {
			isa = PBXGroup;
			children = (
				95CBD1CB1F68A7AE00E8C526 /* Assets.xcassets */,
				95CBD1C41F68A7AE00E8C526 /* AppDelegate.swift */,
				95CBD1CD1F68A7AE00E8C526 /* LaunchScreen.storyboard */,
				95CBD1D01F68A7AE00E8C526 /* Info.plist */,
			);
			name = Resources;
			sourceTree = "<group>";
		};
/* End PBXGroup section */

/* Begin PBXNativeTarget section */
		95CBD1C01F68A7AE00E8C526 /* Flashlight */ = {
			isa = PBXNativeTarget;
			buildConfigurationList = 95CBD1D31F68A7AE00E8C526 /* Build configuration list for PBXNativeTarget "Flashlight" */;
			buildPhases = (
				95CBD1BD1F68A7AE00E8C526 /* Sources */,
				95CBD1BE1F68A7AE00E8C526 /* Frameworks */,
				95CBD1BF1F68A7AE00E8C526 /* Resources */,
			);
			buildRules = (
			);
			dependencies = (
			);
			name = Flashlight;
			productName = Flashlight;
			productReference = 95CBD1C11F68A7AE00E8C526 /* Flashlight.app */;
			productType = "com.apple.product-type.application";
		};
/* End PBXNativeTarget section */

/* Begin PBXProject section */
		95CBD1B91F68A7AE00E8C526 /* Project object */ = {
			isa = PBXProject;
			attributes = {
				LastSwiftUpdateCheck = 0830;
				LastUpgradeCheck = 0830;
				ORGANIZATIONNAME = LuisPuentes;
				TargetAttributes = {
					95CBD1C01F68A7AE00E8C526 = {
						CreatedOnToolsVersion = 8.3.3;
						DevelopmentTeam = H9L7P6ZCN6;
						ProvisioningStyle = Automatic;
					};
				};
			};
			buildConfigurationList = 95CBD1BC1F68A7AE00E8C526 /* Build configuration list for PBXProject "Flashlight" */;
			compatibilityVersion = "Xcode 3.2";
			developmentRegion = English;
			hasScannedForEncodings = 0;
			knownRegions = (
				en,
				Base,
			);
			mainGroup = 95CBD1B81F68A7AE00E8C526;
			productRefGroup = 95CBD1C21F68A7AE00E8C526 /* Products */;
			projectDirPath = "";
			projectRoot = "";
			targets = (
				95CBD1C01F68A7AE00E8C526 /* Flashlight */,
			);
		};
/* End PBXProject section */

/* Begin PBXResourcesBuildPhase section */
		95CBD1BF1F68A7AE00E8C526 /* Resources */ = {
			isa = PBXResourcesBuildPhase;
			buildActionMask = 2147483647;
			files = (
				95CBD1CF1F68A7AE00E8C526 /* LaunchScreen.storyboard in Resources */,
				95CBD1CC1F68A7AE00E8C526 /* Assets.xcassets in Resources */,
				95CBD1CA1F68A7AE00E8C526 /* Main.storyboard in Resources */,
			);
			runOnlyForDeploymentPostprocessing = 0;
		};
/* End PBXResourcesBuildPhase section */

/* Begin PBXSourcesBuildPhase section */
		95CBD1BD1F68A7AE00E8C526 /* Sources */ = {
			isa = PBXSourcesBuildPhase;
			buildActionMask = 2147483647;
			files = (
				95CBD1C51F68A7AE00E8C526 /* AppDelegate.swift in Sources */,
				95CBD1D81F68AAE900E8C526 /* MainViewController.swift in Sources */,
			);
			runOnlyForDeploymentPostprocessing = 0;
		};
/* End PBXSourcesBuildPhase section */

/* Begin PBXVariantGroup section */
		95CBD1C81F68A7AE00E8C526 /* Main.storyboard */ = {
			isa = PBXVariantGroup;
			children = (
				95CBD1C91F68A7AE00E8C526 /* Base */,
			);
			name = Main.storyboard;
			sourceTree = "<group>";
		};
		95CBD1CD1F68A7AE00E8C526 /* LaunchScreen.storyboard */ = {
			isa = PBXVariantGroup;
			children = (
				95CBD1CE1F68A7AE00E8C526 /* Base */,
			);
			name = LaunchScreen.storyboard;
			sourceTree = "<group>";
		};
/* End PBXVariantGroup section */

/* Begin XCBuildConfiguration section */
		95CBD1D11F68A7AE00E8C526 /* Debug */ = {
			isa = XCBuildConfiguration;
			buildSettings = {
				ALWAYS_SEARCH_USER_PATHS = NO;
				CLANG_ANALYZER_NONNULL = YES;
				CLANG_ANALYZER_NUMBER_OBJECT_CONVERSION = YES_AGGRESSIVE;
				CLANG_CXX_LANGUAGE_STANDARD = "gnu++0x";
				CLANG_CXX_LIBRARY = "libc++";
				CLANG_ENABLE_MODULES = YES;
				CLANG_ENABLE_OBJC_ARC = YES;
				CLANG_WARN_BOOL_CONVERSION = YES;
				CLANG_WARN_CONSTANT_CONVERSION = YES;
				CLANG_WARN_DIRECT_OBJC_ISA_USAGE = YES_ERROR;
				CLANG_WARN_DOCUMENTATION_COMMENTS = YES;
				CLANG_WARN_EMPTY_BODY = YES;
				CLANG_WARN_ENUM_CONVERSION = YES;
				CLANG_WARN_INFINITE_RECURSION = YES;
				CLANG_WARN_INT_CONVERSION = YES;
				CLANG_WARN_OBJC_ROOT_CLASS = YES_ERROR;
				CLANG_WARN_SUSPICIOUS_MOVE = YES;
				CLANG_WARN_UNREACHABLE_CODE = YES;
				CLANG_WARN__DUPLICATE_METHOD_MATCH = YES;
				"CODE_SIGN_IDENTITY[sdk=iphoneos*]" = "iPhone Developer";
				COPY_PHASE_STRIP = NO;
				DEBUG_INFORMATION_FORMAT = dwarf;
				ENABLE_STRICT_OBJC_MSGSEND = YES;
				ENABLE_TESTABILITY = YES;
				GCC_C_LANGUAGE_STANDARD = gnu99;
				GCC_DYNAMIC_NO_PIC = NO;
				GCC_NO_COMMON_BLOCKS = YES;
				GCC_OPTIMIZATION_LEVEL = 0;
				GCC_PREPROCESSOR_DEFINITIONS = (
					"DEBUG=1",
					"$(inherited)",
				);
				GCC_WARN_64_TO_32_BIT_CONVERSION = YES;
				GCC_WARN_ABOUT_RETURN_TYPE = YES_ERROR;
				GCC_WARN_UNDECLARED_SELECTOR = YES;
				GCC_WARN_UNINITIALIZED_AUTOS = YES_AGGRESSIVE;
				GCC_WARN_UNUSED_FUNCTION = YES;
				GCC_WARN_UNUSED_VARIABLE = YES;
				IPHONEOS_DEPLOYMENT_TARGET = 10.3;
				MTL_ENABLE_DEBUG_INFO = YES;
				ONLY_ACTIVE_ARCH = YES;
				SDKROOT = iphoneos;
				SWIFT_ACTIVE_COMPILATION_CONDITIONS = DEBUG;
				SWIFT_OPTIMIZATION_LEVEL = "-Onone";
				TARGETED_DEVICE_FAMILY = "1,2";
			};
			name = Debug;
		};
		95CBD1D21F68A7AE00E8C526 /* Release */ = {
			isa = XCBuildConfiguration;
			buildSettings = {
				ALWAYS_SEARCH_USER_PATHS = NO;
				CLANG_ANALYZER_NONNULL = YES;
				CLANG_ANALYZER_NUMBER_OBJECT_CONVERSION = YES_AGGRESSIVE;
				CLANG_CXX_LANGUAGE_STANDARD = "gnu++0x";
				CLANG_CXX_LIBRARY = "libc++";
				CLANG_ENABLE_MODULES = YES;
				CLANG_ENABLE_OBJC_ARC = YES;
				CLANG_WARN_BOOL_CONVERSION = YES;
				CLANG_WARN_CONSTANT_CONVERSION = YES;
				CLANG_WARN_DIRECT_OBJC_ISA_USAGE = YES_ERROR;
				CLANG_WARN_DOCUMENTATION_COMMENTS = YES;
				CLANG_WARN_EMPTY_BODY = YES;
				CLANG_WARN_ENUM_CONVERSION = YES;
				CLANG_WARN_INFINITE_RECURSION = YES;
				CLANG_WARN_INT_CONVERSION = YES;
				CLANG_WARN_OBJC_ROOT_CLASS = YES_ERROR;
				CLANG_WARN_SUSPICIOUS_MOVE = YES;
				CLANG_WARN_UNREACHABLE_CODE = YES;
				CLANG_WARN__DUPLICATE_METHOD_MATCH = YES;
				"CODE_SIGN_IDENTITY[sdk=iphoneos*]" = "iPhone Developer";
				COPY_PHASE_STRIP = NO;
				DEBUG_INFORMATION_FORMAT = "dwarf-with-dsym";
				ENABLE_NS_ASSERTIONS = NO;
				ENABLE_STRICT_OBJC_MSGSEND = YES;
				GCC_C_LANGUAGE_STANDARD = gnu99;
				GCC_NO_COMMON_BLOCKS = YES;
				GCC_WARN_64_TO_32_BIT_CONVERSION = YES;
				GCC_WARN_ABOUT_RETURN_TYPE = YES_ERROR;
				GCC_WARN_UNDECLARED_SELECTOR = YES;
				GCC_WARN_UNINITIALIZED_AUTOS = YES_AGGRESSIVE;
				GCC_WARN_UNUSED_FUNCTION = YES;
				GCC_WARN_UNUSED_VARIABLE = YES;
				IPHONEOS_DEPLOYMENT_TARGET = 10.3;
				MTL_ENABLE_DEBUG_INFO = NO;
				SDKROOT = iphoneos;
				SWIFT_OPTIMIZATION_LEVEL = "-Owholemodule";
				TARGETED_DEVICE_FAMILY = "1,2";
				VALIDATE_PRODUCT = YES;
			};
			name = Release;
		};
		95CBD1D41F68A7AE00E8C526 /* Debug */ = {
			isa = XCBuildConfiguration;
			buildSettings = {
				ASSETCATALOG_COMPILER_APPICON_NAME = AppIcon;
				DEVELOPMENT_TEAM = H9L7P6ZCN6;
				INFOPLIST_FILE = Flashlight/Info.plist;
				LD_RUNPATH_SEARCH_PATHS = "$(inherited) @executable_path/Frameworks";
				PRODUCT_BUNDLE_IDENTIFIER = com.Flashlight;
				PRODUCT_NAME = "$(TARGET_NAME)";
				SWIFT_VERSION = 3.0;
			};
			name = Debug;
		};
		95CBD1D51F68A7AE00E8C526 /* Release */ = {
			isa = XCBuildConfiguration;
			buildSettings = {
				ASSETCATALOG_COMPILER_APPICON_NAME = AppIcon;
				DEVELOPMENT_TEAM = H9L7P6ZCN6;
				INFOPLIST_FILE = Flashlight/Info.plist;
				LD_RUNPATH_SEARCH_PATHS = "$(inherited) @executable_path/Frameworks";
				PRODUCT_BUNDLE_IDENTIFIER = com.Flashlight;
				PRODUCT_NAME = "$(TARGET_NAME)";
				SWIFT_VERSION = 3.0;
			};
			name = Release;
		};
/* End XCBuildConfiguration section */

/* Begin XCConfigurationList section */
		95CBD1BC1F68A7AE00E8C526 /* Build configuration list for PBXProject "Flashlight" */ = {
			isa = XCConfigurationList;
			buildConfigurations = (
				95CBD1D11F68A7AE00E8C526 /* Debug */,
				95CBD1D21F68A7AE00E8C526 /* Release */,
			);
			defaultConfigurationIsVisible = 0;
			defaultConfigurationName = Release;
		};
		95CBD1D31F68A7AE00E8C526 /* Build configuration list for PBXNativeTarget "Flashlight" */ = {
			isa = XCConfigurationList;
			buildConfigurations = (
				95CBD1D41F68A7AE00E8C526 /* Debug */,
				95CBD1D51F68A7AE00E8C526 /* Release */,
			);
			defaultConfigurationIsVisible = 0;
		};
/* End XCConfigurationList section */
	};
	rootObject = 95CBD1B91F68A7AE00E8C526 /* Project object */;
}
